
Microsoft Visual Studio Solution File, Format Version 12.00
# Visual Studio 15
VisualStudioVersion = 15.0.28307.572
MinimumVisualStudioVersion = 10.0.40219.1
Project("{9092AA53-FB77-4645-B42D-1CCCA6BD08BD}") = "NodejsNPM2", "NodejsNPM2\NodejsNPM2.njsproj", "{8DB7078A-3BA1-4CF5-A263-A4E5445751A7}"
EndProject
Global
	GlobalSection(SolutionConfigurationPlatforms) = preSolution
		Debug|Any CPU = Debug|Any CPU
		Release|Any CPU = Release|Any CPU
	EndGlobalSection
	GlobalSection(ProjectConfigurationPlatforms) = postSolution
		{8DB7078A-3BA1-4CF5-A263-A4E5445751A7}.Debug|Any CPU.ActiveCfg = Debug|Any CPU
		{8DB7078A-3BA1-4CF5-A263-A4E5445751A7}.Debug|Any CPU.Build.0 = Debug|Any CPU
		{8DB7078A-3BA1-4CF5-A263-A4E5445751A7}.Release|Any CPU.ActiveCfg = Release|Any CPU
		{8DB7078A-3BA1-4CF5-A263-A4E5445751A7}.Release|Any CPU.Build.0 = Release|Any CPU
	EndGlobalSection
	GlobalSection(SolutionProperties) = preSolution
		HideSolutionNode = FALSE
	EndGlobalSection
	GlobalSection(ExtensibilityGlobals) = postSolution
		SolutionGuid = {089DFED2-8E97-4025-8B50-AA433BAD5A82}
	EndGlobalSection
EndGlobal
